{
"classes" = {};
"objects" = {"36E2ED2B172A27A600A6796D" = {"lastKnownFileType" = "sourcecode.c.h"; "fileEncoding" = "4"; "path" = "DunamisAirDelegate.h"; "isa" = "PBXFileReference"; "sourceTree" = "<group>"; };
"3649E972173BB16800B8F479" = {"lastKnownFileType" = "archive.ar"; "path" = "libDunamisCoreDevice.a"; "isa" = "PBXFileReference"; "sourceTree" = "<group>"; };
"5467fdcfbca140ac8294fff0dd4f520f" = {"name" = "mapfile.xml"; "lastKnownFileType" = "text.xml"; "path" = "../assets/mapfile.xml"; "isa" = "PBXFileReference"; "sourceTree" = "<group>"; };
"A808583318E2BEA000CDD266" = {"name" = "backbtn1_off.png"; "lastKnownFileType" = "image.png"; "path" = "images/backbtn1_off.png"; "isa" = "PBXFileReference"; "sourceTree" = "<group>"; };
"A808585618E2BEA000CDD266" = {"name" = "h13.png"; "lastKnownFileType" = "image.png"; "path" = "images/h13.png"; "isa" = "PBXFileReference"; "sourceTree" = "<group>"; };
"A808587918E2BEA000CDD266" = {"name" = "social_flickr.png"; "lastKnownFileType" = "image.png"; "path" = "images/social_flickr.png"; "isa" = "PBXFileReference"; "sourceTree" = "<group>"; };
"A808583718E2BEA000CDD266" = {"name" = "box_blue.png"; "lastKnownFileType" = "image.png"; "path" = "images/box_blue.png"; "isa" = "PBXFileReference"; "sourceTree" = "<group>"; };
"36E2EC95172524D800A6796D" = {"name" = "Release"; "isa" = "XCBuildConfiguration"; "buildSettings" = {"VALIDATE_PRODUCT" = "YES"; "CLANG_WARN_INT_CONVERSION" = "YES"; "CONFIGURATION_BUILD_DIR" = "$(CONFIGURATION)$(EFFECTIVE_PLATFORM_NAME)"; "PRODUCT_NAME" = "$(TARGET_NAME)"; "CONFIGURATION_TEMP_DIR" = "$(CONFIGURATION)$(EFFECTIVE_PLATFORM_NAME)"; "CLANG_CXX_LANGUAGE_STANDARD" = "gnu++0x"; "ALWAYS_SEARCH_USER_PATHS" = "NO"; "OTHER_LDFLAGS" = "-ObjC"; "LIBRARY_SEARCH_PATHS" = (
    "$(inherited)",
    "\"$(SRCROOT)\"",
    "\"$(SRCROOT)/../../../../../PROTO_6.0/build_core/Debug-iphonesimulator\"",
);
"GCC_LINK_WITH_DYNAMIC_LIBRARIES" = "NO"; "CLANG_WARN_ENUM_CONVERSION" = "YES"; "SKIP_INSTALL" = "YES"; "DSTROOT" = "/tmp/ANEMAIN.dst"; "GCC_C_LANGUAGE_STANDARD" = "gnu99"; "GCC_WARN_UNINITIALIZED_AUTOS" = "YES"; "VALID_ARCHS" = "armv7"; "GCC_PREFIX_HEADER" = ""; "CLANG_WARN_EMPTY_BODY" = "YES"; "IPHONEOS_DEPLOYMENT_TARGET" = "6.1"; "CLANG_WARN__DUPLICATE_METHOD_MATCH" = "YES"; "CLANG_CXX_LIBRARY" = "libc++"; "GCC_PRECOMPILE_PREFIX_HEADER" = "YES"; "CLANG_WARN_CONSTANT_CONVERSION" = "YES"; "COPY_PHASE_STRIP" = "YES"; "SYMROOT" = "anebuild"; };
};
"29B97314FDCFA39411CA2CEA" = {"name" = "CustomTemplate"; "children" = (
    "080E96DDFE201D6D7F000001",
    "29B97315FDCFA39411CA2CEA",
    "29B97317FDCFA39411CA2CEA",
    "36E2EC8C172524D800A6796D",
    "29B97323FDCFA39411CA2CEA",
    "19C28FACFE9D520D11CA2CBB",
    "42703f32a4704a07ad3901765b6b1b83",
    "6ecbc985bde44572a8ecb50450287947",
    "120ddf62bb1b45fbbab9f91426deebfb",
    "5467fdcfbca140ac8294fff0dd4f520f",
    "219535c57cde461cb9eebcdcde014c41",
    "2cf4384f27684e41b38101d067b12293",
    "de95a4f90147445ca4ee5b729101b893",
    "e778b58a414440529ffecc9e0a739ff7",
    "b1a49fa8da734281a22013f9bc4483ae",
);
"isa" = "PBXGroup"; "sourceTree" = "<group>"; };
"12B5E2B5123E321B002ACF5D" = {"name" = "AddressBookUI.framework"; "lastKnownFileType" = "wrapper.framework"; "path" = "System/Library/Frameworks/AddressBookUI.framework"; "isa" = "PBXFileReference"; "sourceTree" = "SDKROOT"; };
"12B5E2B9123E321B002ACF5D" = {"name" = "EventKitUI.framework"; "lastKnownFileType" = "wrapper.framework"; "path" = "System/Library/Frameworks/EventKitUI.framework"; "isa" = "PBXFileReference"; "sourceTree" = "SDKROOT"; };
"A80858D018E2BEA000CDD266" = {"fileRef" = "A808587E18E2BEA000CDD266"; "isa" = "PBXBuildFile"; };
"A808584B18E2BEA000CDD266" = {"name" = "h2.png"; "lastKnownFileType" = "image.png"; "path" = "images/h2.png"; "isa" = "PBXFileReference"; "sourceTree" = "<group>"; };
"A808586E18E2BEA000CDD266" = {"name" = "menu4.png"; "lastKnownFileType" = "image.png"; "path" = "images/menu4.png"; "isa" = "PBXFileReference"; "sourceTree" = "<group>"; };
"A808584F18E2BEA000CDD266" = {"name" = "h6.png"; "lastKnownFileType" = "image.png"; "path" = "images/h6.png"; "isa" = "PBXFileReference"; "sourceTree" = "<group>"; };
"36E2EC8A172524D800A6796D" = {"includeInIndex" = "0"; "explicitFileType" = "archive.ar"; "path" = "libANEMAIN.a"; "isa" = "PBXFileReference"; "sourceTree" = "BUILT_PRODUCTS_DIR"; };
"e778b58a414440529ffecc9e0a739ff7" = {"name" = "database.xml"; "lastKnownFileType" = "text.xml"; "path" = "../assets/database.xml"; "isa" = "PBXFileReference"; "sourceTree" = "<group>"; };
"1DF5F4E00D08C38300B7A737" = {"fileRef" = "1DF5F4DF0D08C38300B7A737"; "isa" = "PBXBuildFile"; };
"3628739A158199D50097EF19" = {"lastKnownFileType" = "sourcecode.c.h"; "path" = "DunamisDelegate.h"; "isa" = "PBXFileReference"; "sourceTree" = "<group>"; };
"A80858A518E2BEA000CDD266" = {"fileRef" = "A808585318E2BEA000CDD266"; "isa" = "PBXBuildFile"; };
"A80858C818E2BEA000CDD266" = {"fileRef" = "A808587618E2BEA000CDD266"; "isa" = "PBXBuildFile"; };
"A80858A918E2BEA000CDD266" = {"fileRef" = "A808585718E2BEA000CDD266"; "isa" = "PBXBuildFile"; };
"3621629C17182C230038E61A" = {"name" = "MediaPlayer.framework"; "lastKnownFileType" = "wrapper.framework"; "path" = "System/Library/Frameworks/MediaPlayer.framework"; "isa" = "PBXFileReference"; "sourceTree" = "SDKROOT"; };
"A865983918E532B300B2374F" = {"name" = "Default-568h@2x.png"; "lastKnownFileType" = "image.png"; "path" = "images/Default-568h@2x.png"; "isa" = "PBXFileReference"; "sourceTree" = "<group>"; };
"A808586218E2BEA000CDD266" = {"name" = "line_long.png"; "lastKnownFileType" = "image.png"; "path" = "images/line_long.png"; "isa" = "PBXFileReference"; "sourceTree" = "<group>"; };
"A808588518E2BEA000CDD266" = {"fileRef" = "A808583318E2BEA000CDD266"; "isa" = "PBXBuildFile"; };
"A808584318E2BEA000CDD266" = {"name" = "btn_contact_search_off.png"; "lastKnownFileType" = "image.png"; "path" = "images/btn_contact_search_off.png"; "isa" = "PBXFileReference"; "sourceTree" = "<group>"; };
"3649E975173BB17B00B8F479" = {"lastKnownFileType" = "archive.ar"; "path" = "libDunamisCoreSimul.a"; "isa" = "PBXFileReference"; "sourceTree" = "<group>"; };
"A808586618E2BEA000CDD266" = {"name" = "main_flickdot_on.png"; "lastKnownFileType" = "image.png"; "path" = "images/main_flickdot_on.png"; "isa" = "PBXFileReference"; "sourceTree" = "<group>"; };
"C01FCF5008A954540054247B" = {"name" = "Release"; "isa" = "XCBuildConfiguration"; "buildSettings" = {"SDKROOT" = "iphoneos"; "TARGETED_DEVICE_FAMILY" = "1,2"; "PREBINDING" = "NO"; "OTHER_LDFLAGS" = (
    "-ObjC",
    "-all_load",
);
"IPHONEOS_DEPLOYMENT_TARGET" = "4.3"; "CODE_SIGN_IDENTITY[sdk=iphoneos*]" = "iPhone Developer"; "OTHER_CFLAGS" = "-DNS_BLOCK_ASSERTIONS=1"; "GCC_C_LANGUAGE_STANDARD" = "c99"; "GCC_WARN_UNUSED_VARIABLE" = "YES"; "GCC_WARN_ABOUT_RETURN_TYPE" = "YES"; "ARCHS" = "$(ARCHS_STANDARD_32_BIT)"; };
};
"A808588918E2BEA000CDD266" = {"fileRef" = "A808583718E2BEA000CDD266"; "isa" = "PBXBuildFile"; };
"12B5E2C3123E323F002ACF5D" = {"name" = "libsqlite3.0.dylib"; "lastKnownFileType" = "compiled.mach-o.dylib"; "path" = "usr/lib/libsqlite3.0.dylib"; "isa" = "PBXFileReference"; "sourceTree" = "SDKROOT"; };
"125B375612BA153B00DFE445" = {"fileRef" = "125B375512BA153B00DFE445"; "isa" = "PBXBuildFile"; };
"19C28FACFE9D520D11CA2CBB" = {"name" = "Products"; "children" = (
    "1D6058910D05DD3D006BFB54",
    "36E2EC8A172524D800A6796D",
);
"isa" = "PBXGroup"; "sourceTree" = "<group>"; };
"A80858BD18E2BEA000CDD266" = {"fileRef" = "A808586B18E2BEA000CDD266"; "isa" = "PBXBuildFile"; };
"6ecbc985bde44572a8ecb50450287947" = {"name" = "first.xml"; "lastKnownFileType" = "text.xml"; "path" = "../assets/first.xml"; "isa" = "PBXFileReference"; "sourceTree" = "<group>"; };
"36E2EC83172524BA00A6796D" = {"name" = "FlashRuntimeExtensions.h"; "lastKnownFileType" = "sourcecode.c.h"; "path" = "../Classes/FlashRuntimeExtensions.h"; "isa" = "PBXFileReference"; "sourceTree" = "<group>"; };
"A808587A18E2BEA000CDD266" = {"name" = "social_googlereader.png"; "lastKnownFileType" = "image.png"; "path" = "images/social_googlereader.png"; "isa" = "PBXFileReference"; "sourceTree" = "<group>"; };
"A808589D18E2BEA000CDD266" = {"fileRef" = "A808584B18E2BEA000CDD266"; "isa" = "PBXBuildFile"; };
"A808585B18E2BEA000CDD266" = {"name" = "h18.png"; "lastKnownFileType" = "image.png"; "path" = "images/h18.png"; "isa" = "PBXFileReference"; "sourceTree" = "<group>"; };
"A808587E18E2BEA000CDD266" = {"name" = "social_naverme.png"; "lastKnownFileType" = "image.png"; "path" = "images/social_naverme.png"; "isa" = "PBXFileReference"; "sourceTree" = "<group>"; };
"A808583C18E2BEA000CDD266" = {"name" = "bt_hm_off.png"; "lastKnownFileType" = "image.png"; "path" = "images/bt_hm_off.png"; "isa" = "PBXFileReference"; "sourceTree" = "<group>"; };
"12B5E2BA123E321B002ACF5D" = {"fileRef" = "12B5E2B9123E321B002ACF5D"; "isa" = "PBXBuildFile"; };
"A80858B118E2BEA000CDD266" = {"fileRef" = "A808585F18E2BEA000CDD266"; "isa" = "PBXBuildFile"; };
"A80858D418E2BEA000CDD266" = {"fileRef" = "A808588218E2BEA000CDD266"; "isa" = "PBXBuildFile"; };
"A80858B518E2BEA000CDD266" = {"fileRef" = "A808586318E2BEA000CDD266"; "isa" = "PBXBuildFile"; };
"36E2ED2C172A27AE00A6796D" = {"lastKnownFileType" = "sourcecode.c.objc"; "fileEncoding" = "4"; "path" = "DunamisAirDelegate.m"; "isa" = "PBXFileReference"; "sourceTree" = "<group>"; };
"A808589118E2BEA000CDD266" = {"fileRef" = "A808583F18E2BEA000CDD266"; "isa" = "PBXBuildFile"; };
"A808587218E2BEA000CDD266" = {"name" = "menu8.png"; "lastKnownFileType" = "image.png"; "path" = "images/menu8.png"; "isa" = "PBXFileReference"; "sourceTree" = "<group>"; };
"A808589518E2BEA000CDD266" = {"fileRef" = "A808584318E2BEA000CDD266"; "isa" = "PBXBuildFile"; };
"1231E9F312A89439008DBBE8" = {"name" = "AssetsLibrary.framework"; "lastKnownFileType" = "wrapper.framework"; "path" = "System/Library/Frameworks/AssetsLibrary.framework"; "isa" = "PBXFileReference"; "sourceTree" = "SDKROOT"; };
"A80858AA18E2BEA000CDD266" = {"fileRef" = "A808585818E2BEA000CDD266"; "isa" = "PBXBuildFile"; };
"A80858CD18E2BEA000CDD266" = {"fileRef" = "A808587B18E2BEA000CDD266"; "isa" = "PBXBuildFile"; };
"28AD733F0D9D9553002E5188" = {"fileRef" = "28AD733E0D9D9553002E5188"; "isa" = "PBXBuildFile"; };
"1D6058950D05DD3E006BFB54" = {"name" = "Release"; "isa" = "XCBuildConfiguration"; "buildSettings" = {"SDKROOT" = "iphoneos"; "VALIDATE_PRODUCT" = "YES"; "COPY_PHASE_STRIP" = "YES"; "ALWAYS_SEARCH_USER_PATHS" = "NO"; "GCC_PRECOMPILE_PREFIX_HEADER" = "YES"; "INFOPLIST_FILE" = "DartGuide-Info.plist"; "LIBRARY_SEARCH_PATHS" = (
    "$(inherited)",
    "\"$(SRCROOT)\"",
    "\"$(SRCROOT)/../PROTO_5.0/build_core/Debug-iphonesimulator\"",
    "\"$(SRCROOT)/build_core/Debug-iphoneos\"",
    "\"$(SRCROOT)/build_core/Debug-iphonesimulator\"",
    "\"$(SRCROOT)/../../../../../PROTO_6.0/build_core/Debug-iphonesimulator\"",
);
"VALID_ARCHS" = "armv7"; "PRODUCT_NAME" = "DartGuide"; "GCC_PREFIX_HEADER" = "DartGuide_Prefix.pch"; };
};
"A808584718E2BEA000CDD266" = {"name" = "btnok.png"; "lastKnownFileType" = "image.png"; "path" = "images/btnok.png"; "isa" = "PBXFileReference"; "sourceTree" = "<group>"; };
"A865983A18E532B300B2374F" = {"name" = "Default@2x.png"; "lastKnownFileType" = "image.png"; "path" = "images/Default@2x.png"; "isa" = "PBXFileReference"; "sourceTree" = "<group>"; };
"288765FC0DF74451002DB57D" = {"name" = "CoreGraphics.framework"; "lastKnownFileType" = "wrapper.framework"; "path" = "System/Library/Frameworks/CoreGraphics.framework"; "isa" = "PBXFileReference"; "sourceTree" = "SDKROOT"; };
"36E2EC86172524D800A6796D" = {"runOnlyForDeploymentPostprocessing" = "0"; "buildActionMask" = "2147483647"; "files" = (
    "36E2ECAB1726BD4F00A6796D",
    "36E2ED2D172A27AE00A6796D",
);
"isa" = "PBXSourcesBuildPhase"; };
"A808588A18E2BEA000CDD266" = {"fileRef" = "A808583818E2BEA000CDD266"; "isa" = "PBXBuildFile"; };
"1D60588F0D05DD3D006BFB54" = {"runOnlyForDeploymentPostprocessing" = "0"; "buildActionMask" = "2147483647"; "files" = (
    "3621629F17182C2B0038E61A",
    "3621629D17182C230038E61A",
    "362873991581999D0097EF19",
    "1D60589F0D05DD5A006BFB54",
    "1DF5F4E00D08C38300B7A737",
    "288765FD0DF74451002DB57D",
    "12B5E2B4123E321B002ACF5D",
    "12B5E2B6123E321B002ACF5D",
    "12B5E2B8123E321B002ACF5D",
    "12B5E2BA123E321B002ACF5D",
    "12B5E2BC123E321B002ACF5D",
    "12B5E2BE123E321B002ACF5D",
    "12B5E2C0123E321B002ACF5D",
    "12B5E2C4123E323F002ACF5D",
    "12856D17123F002A00B77A35",
    "1231E9F412A89439008DBBE8",
    "1231E9F512A89439008DBBE8",
    "1231F6C512A8CCB4008DBBE8",
    "1231F6D912A8CD83008DBBE8",
    "125B375612BA153B00DFE445",
    "3649E973173BB16800B8F479",
    "3649E976173BB17B00B8F479",
);
"isa" = "PBXFrameworksBuildPhase"; };
"363092A3171E44E600B60469" = {"lastKnownFileType" = "sourcecode.c.h"; "fileEncoding" = "4"; "path" = "DartGuideAppDelegate.h"; "isa" = "PBXFileReference"; "sourceTree" = "<group>"; };
"A80858C118E2BEA000CDD266" = {"fileRef" = "A808586F18E2BEA000CDD266"; "isa" = "PBXBuildFile"; };
"A808585F18E2BEA000CDD266" = {"name" = "ic_launcher.png"; "lastKnownFileType" = "image.png"; "path" = "images/ic_launcher.png"; "isa" = "PBXFileReference"; "sourceTree" = "<group>"; };
"1231F6D912A8CD83008DBBE8" = {"fileRef" = "1231F6D812A8CD83008DBBE8"; "isa" = "PBXBuildFile"; };
"32CA4F630368D1EE00C91783" = {"lastKnownFileType" = "sourcecode.c.h"; "fileEncoding" = "4"; "path" = "DartGuide_Prefix.pch"; "isa" = "PBXFileReference"; "sourceTree" = "<group>"; };
"12B5E2BE123E321B002ACF5D" = {"fileRef" = "12B5E2BD123E321B002ACF5D"; "isa" = "PBXBuildFile"; };
"36E2ECAB1726BD4F00A6796D" = {"fileRef" = "3628739B158199D50097EF19"; "isa" = "PBXBuildFile"; };
"A80858B918E2BEA000CDD266" = {"fileRef" = "A808586718E2BEA000CDD266"; "isa" = "PBXBuildFile"; };
"3649E973173BB16800B8F479" = {"fileRef" = "3649E972173BB16800B8F479"; "isa" = "PBXBuildFile"; };
"A808585318E2BEA000CDD266" = {"name" = "h10.png"; "lastKnownFileType" = "image.png"; "path" = "images/h10.png"; "isa" = "PBXFileReference"; "sourceTree" = "<group>"; };
"A808587618E2BEA000CDD266" = {"name" = "sns_close.png"; "lastKnownFileType" = "image.png"; "path" = "images/sns_close.png"; "isa" = "PBXFileReference"; "sourceTree" = "<group>"; };
"A808583418E2BEA000CDD266" = {"name" = "backbtn1_on.png"; "lastKnownFileType" = "image.png"; "path" = "images/backbtn1_on.png"; "isa" = "PBXFileReference"; "sourceTree" = "<group>"; };
"A808589918E2BEA000CDD266" = {"fileRef" = "A808584718E2BEA000CDD266"; "isa" = "PBXBuildFile"; };
"A808585718E2BEA000CDD266" = {"name" = "h14.png"; "lastKnownFileType" = "image.png"; "path" = "images/h14.png"; "isa" = "PBXFileReference"; "sourceTree" = "<group>"; };
"A808583818E2BEA000CDD266" = {"name" = "box1.png"; "lastKnownFileType" = "image.png"; "path" = "images/box1.png"; "isa" = "PBXFileReference"; "sourceTree" = "<group>"; };
"29B97315FDCFA39411CA2CEA" = {"name" = "Other Sources"; "children" = (
    "32CA4F630368D1EE00C91783",
    "29B97316FDCFA39411CA2CEA",
);
"isa" = "PBXGroup"; "sourceTree" = "<group>"; };
"12B5E2B6123E321B002ACF5D" = {"fileRef" = "12B5E2B5123E321B002ACF5D"; "isa" = "PBXBuildFile"; };
"A80858AE18E2BEA000CDD266" = {"fileRef" = "A808585C18E2BEA000CDD266"; "isa" = "PBXBuildFile"; };
"12856D16123F002A00B77A35" = {"name" = "QuartzCore.framework"; "lastKnownFileType" = "wrapper.framework"; "path" = "System/Library/Frameworks/QuartzCore.framework"; "isa" = "PBXFileReference"; "sourceTree" = "SDKROOT"; };
"3950407a9045438abce31a159be532ff" = {"fileRef" = "de95a4f90147445ca4ee5b729101b893"; "isa" = "PBXBuildFile"; };
"A808586B18E2BEA000CDD266" = {"name" = "menu1.png"; "lastKnownFileType" = "image.png"; "path" = "images/menu1.png"; "isa" = "PBXFileReference"; "sourceTree" = "<group>"; };
"A808588E18E2BEA000CDD266" = {"fileRef" = "A808583C18E2BEA000CDD266"; "isa" = "PBXBuildFile"; };
"3951e6d827774f25bbdc6897c1d8f3cd" = {"fileRef" = "2cf4384f27684e41b38101d067b12293"; "isa" = "PBXBuildFile"; };
"A808584C18E2BEA000CDD266" = {"name" = "h3.png"; "lastKnownFileType" = "image.png"; "path" = "images/h3.png"; "isa" = "PBXFileReference"; "sourceTree" = "<group>"; };
"A808586F18E2BEA000CDD266" = {"name" = "menu5.png"; "lastKnownFileType" = "image.png"; "path" = "images/menu5.png"; "isa" = "PBXFileReference"; "sourceTree" = "<group>"; };
"36E2EC8B172524D800A6796D" = {"fileRef" = "1D30AB110D05D00D00671497"; "isa" = "PBXBuildFile"; };
"A80858A218E2BEA000CDD266" = {"fileRef" = "A808585018E2BEA000CDD266"; "isa" = "PBXBuildFile"; };
"A80858C518E2BEA000CDD266" = {"fileRef" = "A808587318E2BEA000CDD266"; "isa" = "PBXBuildFile"; };
"3628739B158199D50097EF19" = {"lastKnownFileType" = "sourcecode.c.objc"; "path" = "DunamisDelegate.m"; "isa" = "PBXFileReference"; "sourceTree" = "<group>"; };
"8bffee53ad8c4972bceda072ac20cd6c" = {"fileRef" = "b1a49fa8da734281a22013f9bc4483ae"; "isa" = "PBXBuildFile"; };
"A80858A618E2BEA000CDD266" = {"fileRef" = "A808585418E2BEA000CDD266"; "isa" = "PBXBuildFile"; };
"A80858C918E2BEA000CDD266" = {"fileRef" = "A808587718E2BEA000CDD266"; "isa" = "PBXBuildFile"; };
"1231F6C512A8CCB4008DBBE8" = {"fileRef" = "1231F6C412A8CCB4008DBBE8"; "isa" = "PBXBuildFile"; };
"3621629D17182C230038E61A" = {"fileRef" = "3621629C17182C230038E61A"; "isa" = "PBXBuildFile"; };
"A808588218E2BEA000CDD266" = {"name" = "topbar.png"; "lastKnownFileType" = "image.png"; "path" = "images/topbar.png"; "isa" = "PBXFileReference"; "sourceTree" = "<group>"; };
"A808584018E2BEA000CDD266" = {"name" = "bt_st_off.png"; "lastKnownFileType" = "image.png"; "path" = "images/bt_st_off.png"; "isa" = "PBXFileReference"; "sourceTree" = "<group>"; };
"A808586318E2BEA000CDD266" = {"name" = "listbg.png"; "lastKnownFileType" = "image.png"; "path" = "images/listbg.png"; "isa" = "PBXFileReference"; "sourceTree" = "<group>"; };
"A808588618E2BEA000CDD266" = {"fileRef" = "A808583418E2BEA000CDD266"; "isa" = "PBXBuildFile"; };
"A808584418E2BEA000CDD266" = {"name" = "btn_contact_search_on.png"; "lastKnownFileType" = "image.png"; "path" = "images/btn_contact_search_on.png"; "isa" = "PBXFileReference"; "sourceTree" = "<group>"; };
"A808586718E2BEA000CDD266" = {"name" = "main_hone.png"; "lastKnownFileType" = "image.png"; "path" = "images/main_hone.png"; "isa" = "PBXFileReference"; "sourceTree" = "<group>"; };
"1D30AB110D05D00D00671497" = {"name" = "Foundation.framework"; "lastKnownFileType" = "wrapper.framework"; "path" = "System/Library/Frameworks/Foundation.framework"; "isa" = "PBXFileReference"; "sourceTree" = "SDKROOT"; };
"12B5E2C4123E323F002ACF5D" = {"fileRef" = "12B5E2C3123E323F002ACF5D"; "isa" = "PBXBuildFile"; };
"A80858BA18E2BEA000CDD266" = {"fileRef" = "A808586818E2BEA000CDD266"; "isa" = "PBXBuildFile"; };
"A80858BE18E2BEA000CDD266" = {"fileRef" = "A808586C18E2BEA000CDD266"; "isa" = "PBXBuildFile"; };
"36E2ECAA1726BD4800A6796D" = {"fileRef" = "3628739A158199D50097EF19"; "isa" = "PBXBuildFile"; };
"A808589A18E2BEA000CDD266" = {"fileRef" = "A808584818E2BEA000CDD266"; "isa" = "PBXBuildFile"; };
"A808587B18E2BEA000CDD266" = {"name" = "social_kakaotalk.png"; "lastKnownFileType" = "image.png"; "path" = "images/social_kakaotalk.png"; "isa" = "PBXFileReference"; "sourceTree" = "<group>"; };
"A808589E18E2BEA000CDD266" = {"fileRef" = "A808584C18E2BEA000CDD266"; "isa" = "PBXBuildFile"; };
"A808585C18E2BEA000CDD266" = {"name" = "h19.png"; "lastKnownFileType" = "image.png"; "path" = "images/h19.png"; "isa" = "PBXFileReference"; "sourceTree" = "<group>"; };
"A808587F18E2BEA000CDD266" = {"name" = "social_twitter.png"; "lastKnownFileType" = "image.png"; "path" = "images/social_twitter.png"; "isa" = "PBXFileReference"; "sourceTree" = "<group>"; };
"A80858D118E2BEA000CDD266" = {"fileRef" = "A808587F18E2BEA000CDD266"; "isa" = "PBXBuildFile"; };
"A80858B218E2BEA000CDD266" = {"fileRef" = "A808586018E2BEA000CDD266"; "isa" = "PBXBuildFile"; };
"A80858D518E2BEA000CDD266" = {"fileRef" = "A808588318E2BEA000CDD266"; "isa" = "PBXBuildFile"; };
"A808589218E2BEA000CDD266" = {"fileRef" = "A808584018E2BEA000CDD266"; "isa" = "PBXBuildFile"; };
"A808585018E2BEA000CDD266" = {"name" = "h7.png"; "lastKnownFileType" = "image.png"; "path" = "images/h7.png"; "isa" = "PBXFileReference"; "sourceTree" = "<group>"; };
"A808587318E2BEA000CDD266" = {"name" = "moredesc.png"; "lastKnownFileType" = "image.png"; "path" = "images/moredesc.png"; "isa" = "PBXFileReference"; "sourceTree" = "<group>"; };
"A808589618E2BEA000CDD266" = {"fileRef" = "A808584418E2BEA000CDD266"; "isa" = "PBXBuildFile"; };
"A80858CA18E2BEA000CDD266" = {"fileRef" = "A808587818E2BEA000CDD266"; "isa" = "PBXBuildFile"; };
"36E2EC69171F9D5000A6796D" = {"lastKnownFileType" = "sourcecode.c.h"; "path" = "XAdapter.h"; "isa" = "PBXFileReference"; "sourceTree" = "<group>"; };
"3649E976173BB17B00B8F479" = {"fileRef" = "3649E975173BB17B00B8F479"; "isa" = "PBXBuildFile"; };
"1D6058960D05DD3E006BFB54" = {"defaultConfigurationName" = "Release"; "buildConfigurations" = (
    "1D6058940D05DD3E006BFB54",
    "1D6058950D05DD3E006BFB54",
);
"defaultConfigurationIsVisible" = "0"; "isa" = "XCConfigurationList"; };
"A808584818E2BEA000CDD266" = {"name" = "cate_kdb.png"; "lastKnownFileType" = "image.png"; "path" = "images/cate_kdb.png"; "isa" = "PBXFileReference"; "sourceTree" = "<group>"; };
"A865983B18E532B300B2374F" = {"fileRef" = "A865983818E532B300B2374F"; "isa" = "PBXBuildFile"; };
"1278866112F69362004ED9D7" = {"lastKnownFileType" = "sourcecode.c.h"; "fileEncoding" = "4"; "path" = "XMLPROP.h"; "isa" = "PBXFileReference"; "sourceTree" = "<group>"; };
"36E2EC87172524D800A6796D" = {"runOnlyForDeploymentPostprocessing" = "0"; "buildActionMask" = "2147483647"; "files" = (
    "36E2EC8B172524D800A6796D",
    "3649E974173BB16800B8F479",
    "3649E977173BB17B00B8F479",
);
"isa" = "PBXFrameworksBuildPhase"; };
"A808588B18E2BEA000CDD266" = {"fileRef" = "A808583918E2BEA000CDD266"; "isa" = "PBXBuildFile"; };
"A808583D18E2BEA000CDD266" = {"name" = "bt_hm_on.png"; "lastKnownFileType" = "image.png"; "path" = "images/bt_hm_on.png"; "isa" = "PBXFileReference"; "sourceTree" = "<group>"; };
"12B5E2BB123E321B002ACF5D" = {"name" = "MessageUI.framework"; "lastKnownFileType" = "wrapper.framework"; "path" = "System/Library/Frameworks/MessageUI.framework"; "isa" = "PBXFileReference"; "sourceTree" = "SDKROOT"; };
"219535c57cde461cb9eebcdcde014c41" = {"name" = "systemversion.txt"; "lastKnownFileType" = "text"; "fileEncoding" = "4"; "path" = "../assets/systemversion.txt"; "isa" = "PBXFileReference"; "sourceTree" = "<group>"; };
"C01FCF4E08A954540054247B" = {"defaultConfigurationName" = "Release"; "buildConfigurations" = (
    "C01FCF4F08A954540054247B",
    "C01FCF5008A954540054247B",
);
"defaultConfigurationIsVisible" = "0"; "isa" = "XCConfigurationList"; };
"12B5E2BF123E321B002ACF5D" = {"name" = "SystemConfiguration.framework"; "lastKnownFileType" = "wrapper.framework"; "path" = "System/Library/Frameworks/SystemConfiguration.framework"; "isa" = "PBXFileReference"; "sourceTree" = "SDKROOT"; };
"3621629E17182C2B0038E61A" = {"name" = "AudioToolbox.framework"; "lastKnownFileType" = "wrapper.framework"; "path" = "System/Library/Frameworks/AudioToolbox.framework"; "isa" = "PBXFileReference"; "sourceTree" = "SDKROOT"; };
"A80858B618E2BEA000CDD266" = {"fileRef" = "A808586418E2BEA000CDD266"; "isa" = "PBXBuildFile"; };
"36E2EC961725254700A6796D" = {"fileRef" = "36E2EC83172524BA00A6796D"; "isa" = "PBXBuildFile"; };
"3649E974173BB16800B8F479" = {"fileRef" = "3649E972173BB16800B8F479"; "isa" = "PBXBuildFile"; };
"36E2ED2D172A27AE00A6796D" = {"fileRef" = "36E2ED2C172A27AE00A6796D"; "isa" = "PBXBuildFile"; };
"A808585418E2BEA000CDD266" = {"name" = "h11.png"; "lastKnownFileType" = "image.png"; "path" = "images/h11.png"; "isa" = "PBXFileReference"; "sourceTree" = "<group>"; };
"1231E9F412A89439008DBBE8" = {"fileRef" = "1231E9F212A89439008DBBE8"; "isa" = "PBXBuildFile"; };
"A808587718E2BEA000CDD266" = {"name" = "sns_plus.png"; "lastKnownFileType" = "image.png"; "path" = "images/sns_plus.png"; "isa" = "PBXFileReference"; "sourceTree" = "<group>"; };
"A808583518E2BEA000CDD266" = {"name" = "bgblack.png"; "lastKnownFileType" = "image.png"; "path" = "images/bgblack.png"; "isa" = "PBXFileReference"; "sourceTree" = "<group>"; };
"A808585818E2BEA000CDD266" = {"name" = "h15.png"; "lastKnownFileType" = "image.png"; "path" = "images/h15.png"; "isa" = "PBXFileReference"; "sourceTree" = "<group>"; };
"36E2EC93172524D800A6796D" = {"defaultConfigurationName" = "Release"; "buildConfigurations" = (
    "36E2EC94172524D800A6796D",
    "36E2EC95172524D800A6796D",
);
"defaultConfigurationIsVisible" = "0"; "isa" = "XCConfigurationList"; };
"20d5f177cbe14af2a0b8c731295a6704" = {"fileRef" = "5467fdcfbca140ac8294fff0dd4f520f"; "isa" = "PBXBuildFile"; };
"362873981581999D0097EF19" = {"name" = "OpenGLES.framework"; "lastKnownFileType" = "wrapper.framework"; "path" = "System/Library/Frameworks/OpenGLES.framework"; "isa" = "PBXFileReference"; "sourceTree" = "SDKROOT"; };
"12B5E2B3123E321B002ACF5D" = {"name" = "AddressBook.framework"; "lastKnownFileType" = "wrapper.framework"; "path" = "System/Library/Frameworks/AddressBook.framework"; "isa" = "PBXFileReference"; "sourceTree" = "SDKROOT"; };
"A80858AB18E2BEA000CDD266" = {"fileRef" = "A808585918E2BEA000CDD266"; "isa" = "PBXBuildFile"; };
"29B97316FDCFA39411CA2CEA" = {"lastKnownFileType" = "sourcecode.c.objc"; "fileEncoding" = "4"; "path" = "main.m"; "isa" = "PBXFileReference"; "sourceTree" = "<group>"; };
"A80858CE18E2BEA000CDD266" = {"fileRef" = "A808587C18E2BEA000CDD266"; "isa" = "PBXBuildFile"; };
"A80858AF18E2BEA000CDD266" = {"fileRef" = "A808585D18E2BEA000CDD266"; "isa" = "PBXBuildFile"; };
"288765FD0DF74451002DB57D" = {"fileRef" = "288765FC0DF74451002DB57D"; "isa" = "PBXBuildFile"; };
"12856D17123F002A00B77A35" = {"fileRef" = "12856D16123F002A00B77A35"; "isa" = "PBXBuildFile"; };
"be9cc217357b4484999466fde7346ac6" = {"fileRef" = "e778b58a414440529ffecc9e0a739ff7"; "isa" = "PBXBuildFile"; };
"A808586C18E2BEA000CDD266" = {"name" = "menu2.png"; "lastKnownFileType" = "image.png"; "path" = "images/menu2.png"; "isa" = "PBXFileReference"; "sourceTree" = "<group>"; };
"A808588F18E2BEA000CDD266" = {"fileRef" = "A808583D18E2BEA000CDD266"; "isa" = "PBXBuildFile"; };
"A808584D18E2BEA000CDD266" = {"name" = "h4.png"; "lastKnownFileType" = "image.png"; "path" = "images/h4.png"; "isa" = "PBXFileReference"; "sourceTree" = "<group>"; };
"1D60589F0D05DD5A006BFB54" = {"fileRef" = "1D30AB110D05D00D00671497"; "isa" = "PBXBuildFile"; };
"363092A4171E44E600B60469" = {"lastKnownFileType" = "sourcecode.c.objc"; "fileEncoding" = "4"; "path" = "DartGuideAppDelegate.m"; "isa" = "PBXFileReference"; "sourceTree" = "<group>"; };
"1D6058900D05DD3D006BFB54" = {"name" = "DartGuide"; "productType" = "com.apple.product-type.application"; "productReference" = "1D6058910D05DD3D006BFB54"; "isa" = "PBXNativeTarget"; "dependencies" = (
);
"buildConfigurationList" = "1D6058960D05DD3E006BFB54"; "productName" = "sampleProject"; "buildPhases" = (
    "1D60588D0D05DD3D006BFB54",
    "1D60588E0D05DD3D006BFB54",
    "1D60588F0D05DD3D006BFB54",
);
"buildRules" = (
);
};
"A80858C218E2BEA000CDD266" = {"fileRef" = "A808587018E2BEA000CDD266"; "isa" = "PBXBuildFile"; };
"A80858A318E2BEA000CDD266" = {"fileRef" = "A808585118E2BEA000CDD266"; "isa" = "PBXBuildFile"; };
"A80858C618E2BEA000CDD266" = {"fileRef" = "A808587418E2BEA000CDD266"; "isa" = "PBXBuildFile"; };
"36E2ED241729236300A6796D" = {"lastKnownFileType" = "sourcecode.c.h"; "path" = "PROTOAppDelegate.h"; "isa" = "PBXFileReference"; "sourceTree" = "<group>"; };
"A808586018E2BEA000CDD266" = {"name" = "intro.png"; "lastKnownFileType" = "image.png"; "path" = "images/intro.png"; "isa" = "PBXFileReference"; "sourceTree" = "<group>"; };
"A808588318E2BEA000CDD266" = {"name" = "video.png"; "lastKnownFileType" = "image.png"; "path" = "images/video.png"; "isa" = "PBXFileReference"; "sourceTree" = "<group>"; };
"A808584118E2BEA000CDD266" = {"name" = "bt_st_on.png"; "lastKnownFileType" = "image.png"; "path" = "images/bt_st_on.png"; "isa" = "PBXFileReference"; "sourceTree" = "<group>"; };
"A808586418E2BEA000CDD266" = {"name" = "main_add.png"; "lastKnownFileType" = "image.png"; "path" = "images/main_add.png"; "isa" = "PBXFileReference"; "sourceTree" = "<group>"; };
"A808588718E2BEA000CDD266" = {"fileRef" = "A808583518E2BEA000CDD266"; "isa" = "PBXBuildFile"; };
"A80858BB18E2BEA000CDD266" = {"fileRef" = "A808586918E2BEA000CDD266"; "isa" = "PBXBuildFile"; };
"A808583918E2BEA000CDD266" = {"name" = "bt_bg.png"; "lastKnownFileType" = "image.png"; "path" = "images/bt_bg.png"; "isa" = "PBXFileReference"; "sourceTree" = "<group>"; };
"12B5E2B7123E321B002ACF5D" = {"name" = "EventKit.framework"; "lastKnownFileType" = "wrapper.framework"; "path" = "System/Library/Frameworks/EventKit.framework"; "isa" = "PBXFileReference"; "sourceTree" = "SDKROOT"; };
"A808589B18E2BEA000CDD266" = {"fileRef" = "A808584918E2BEA000CDD266"; "isa" = "PBXBuildFile"; };
"A808587C18E2BEA000CDD266" = {"name" = "social_linkedin.png"; "lastKnownFileType" = "image.png"; "path" = "images/social_linkedin.png"; "isa" = "PBXFileReference"; "sourceTree" = "<group>"; };
"A808589F18E2BEA000CDD266" = {"fileRef" = "A808584D18E2BEA000CDD266"; "isa" = "PBXBuildFile"; };
"A80858D218E2BEA000CDD266" = {"fileRef" = "A808588018E2BEA000CDD266"; "isa" = "PBXBuildFile"; };
"120ddf62bb1b45fbbab9f91426deebfb" = {"name" = "home.xml"; "lastKnownFileType" = "text.xml"; "path" = "../assets/home.xml"; "isa" = "PBXFileReference"; "sourceTree" = "<group>"; };
"36E2EC8C172524D800A6796D" = {"children" = (
    "36E2ED2C172A27AE00A6796D",
    "36E2ED2B172A27A600A6796D",
    "36E2EC83172524BA00A6796D",
);
"path" = "ANEMAIN"; "isa" = "PBXGroup"; "sourceTree" = "<group>"; };
"7d616f152e1f4eca8dc0c4d0bfeeaee3" = {"lastKnownFileType" = "sourcecode.c.h"; "path" = "FlashRuntimeExtensions.h"; "isa" = "PBXFileReference"; "sourceTree" = "<group>"; };
"A808587018E2BEA000CDD266" = {"name" = "menu6.png"; "lastKnownFileType" = "image.png"; "path" = "images/menu6.png"; "isa" = "PBXFileReference"; "sourceTree" = "<group>"; };
"A80858A718E2BEA000CDD266" = {"fileRef" = "A808585518E2BEA000CDD266"; "isa" = "PBXBuildFile"; };
"A808589318E2BEA000CDD266" = {"fileRef" = "A808584118E2BEA000CDD266"; "isa" = "PBXBuildFile"; };
"A808584518E2BEA000CDD266" = {"name" = "btn_plus.png"; "lastKnownFileType" = "image.png"; "path" = "images/btn_plus.png"; "isa" = "PBXFileReference"; "sourceTree" = "<group>"; };
"3649E977173BB17B00B8F479" = {"fileRef" = "3649E975173BB17B00B8F479"; "isa" = "PBXBuildFile"; };
"A808586818E2BEA000CDD266" = {"name" = "main_logo.png"; "lastKnownFileType" = "image.png"; "path" = "images/main_logo.png"; "isa" = "PBXFileReference"; "sourceTree" = "<group>"; };
"A808584918E2BEA000CDD266" = {"name" = "close.png"; "lastKnownFileType" = "image.png"; "path" = "images/close.png"; "isa" = "PBXFileReference"; "sourceTree" = "<group>"; };
"A865983C18E532B300B2374F" = {"fileRef" = "A865983918E532B300B2374F"; "isa" = "PBXBuildFile"; };
"1D60588D0D05DD3D006BFB54" = {"runOnlyForDeploymentPostprocessing" = "0"; "buildActionMask" = "2147483647"; "files" = (
    "A80858B818E2BEA000CDD266",
    "A80858D218E2BEA000CDD266",
    "A80858B618E2BEA000CDD266",
    "A80858A818E2BEA000CDD266",
    "A80858B318E2BEA000CDD266",
    "A80858BE18E2BEA000CDD266",
    "A80858CA18E2BEA000CDD266",
    "A80858A418E2BEA000CDD266",
    "A80858D418E2BEA000CDD266",
    "A80858B218E2BEA000CDD266",
    "A80858AF18E2BEA000CDD266",
    "A80858D318E2BEA000CDD266",
    "A808589818E2BEA000CDD266",
    "A808588818E2BEA000CDD266",
    "28AD733F0D9D9553002E5188",
    "A80858A118E2BEA000CDD266",
    "A808589718E2BEA000CDD266",
    "A80858B518E2BEA000CDD266",
    "e78df275a90141c08cb645a970b2cf60",
    "A865983B18E532B300B2374F",
    "A808589418E2BEA000CDD266",
    "A80858C418E2BEA000CDD266",
    "A80858C518E2BEA000CDD266",
    "A808588C18E2BEA000CDD266",
    "a63c879163724bc48d11c5ba14962d31",
    "A80858CC18E2BEA000CDD266",
    "A808589318E2BEA000CDD266",
    "A80858D018E2BEA000CDD266",
    "A808588E18E2BEA000CDD266",
    "A80858BC18E2BEA000CDD266",
    "A80858A318E2BEA000CDD266",
    "A80858B118E2BEA000CDD266",
    "A808588518E2BEA000CDD266",
    "A808588A18E2BEA000CDD266",
    "A80858D118E2BEA000CDD266",
    "A808588D18E2BEA000CDD266",
    "A80858CB18E2BEA000CDD266",
    "A808589A18E2BEA000CDD266",
    "A80858BB18E2BEA000CDD266",
    "A80858A618E2BEA000CDD266",
    "A808589518E2BEA000CDD266",
    "A80858C818E2BEA000CDD266",
    "A80858C218E2BEA000CDD266",
    "A80858A018E2BEA000CDD266",
    "A80858A518E2BEA000CDD266",
    "A808588B18E2BEA000CDD266",
    "A80858C618E2BEA000CDD266",
    "A80858A918E2BEA000CDD266",
    "A80858C018E2BEA000CDD266",
    "A80858AA18E2BEA000CDD266",
    "A80858BD18E2BEA000CDD266",
    "A80858BF18E2BEA000CDD266",
    "A865983D18E532B300B2374F",
    "A80858D518E2BEA000CDD266",
    "20d5f177cbe14af2a0b8c731295a6704",
    "5c0900af685d413e9099f606baf7a1fb",
    "A80858AD18E2BEA000CDD266",
    "A80858C918E2BEA000CDD266",
    "A80858AB18E2BEA000CDD266",
    "A80858B018E2BEA000CDD266",
    "A80858C318E2BEA000CDD266",
    "A80858C718E2BEA000CDD266",
    "A808589B18E2BEA000CDD266",
    "A808589D18E2BEA000CDD266",
    "A808588618E2BEA000CDD266",
    "A808589018E2BEA000CDD266",
    "3951e6d827774f25bbdc6897c1d8f3cd",
    "A80858B918E2BEA000CDD266",
    "A808589F18E2BEA000CDD266",
    "A808589218E2BEA000CDD266",
    "A808589118E2BEA000CDD266",
    "A808588718E2BEA000CDD266",
    "A808589618E2BEA000CDD266",
    "A808589E18E2BEA000CDD266",
    "A808588F18E2BEA000CDD266",
    "A808588418E2BEA000CDD266",
    "A80858CD18E2BEA000CDD266",
    "A80858BA18E2BEA000CDD266",
    "A80858AC18E2BEA000CDD266",
    "A80858B418E2BEA000CDD266",
    "A80858CE18E2BEA000CDD266",
    "A808589C18E2BEA000CDD266",
    "A80858B718E2BEA000CDD266",
    "A80858A218E2BEA000CDD266",
    "A80858A718E2BEA000CDD266",
    "A80858CF18E2BEA000CDD266",
    "A80858AE18E2BEA000CDD266",
    "A808589918E2BEA000CDD266",
    "A865983C18E532B300B2374F",
    "A80858C118E2BEA000CDD266",
    "A808588918E2BEA000CDD266",
    "3950407a9045438abce31a159be532ff",
    "be9cc217357b4484999466fde7346ac6",
    "8bffee53ad8c4972bceda072ac20cd6c",
);
"isa" = "PBXResourcesBuildPhase"; };
"A80858BF18E2BEA000CDD266" = {"fileRef" = "A808586D18E2BEA000CDD266"; "isa" = "PBXBuildFile"; };
"A808583A18E2BEA000CDD266" = {"name" = "bt_ct_off.png"; "lastKnownFileType" = "image.png"; "path" = "images/bt_ct_off.png"; "isa" = "PBXFileReference"; "sourceTree" = "<group>"; };
"A808585D18E2BEA000CDD266" = {"name" = "h20.png"; "lastKnownFileType" = "image.png"; "path" = "images/h20.png"; "isa" = "PBXFileReference"; "sourceTree" = "<group>"; };
"A808583E18E2BEA000CDD266" = {"name" = "bt_op_off.png"; "lastKnownFileType" = "image.png"; "path" = "images/bt_op_off.png"; "isa" = "PBXFileReference"; "sourceTree" = "<group>"; };
"12B5E2BC123E321B002ACF5D" = {"fileRef" = "12B5E2BB123E321B002ACF5D"; "isa" = "PBXBuildFile"; };
"A80858B318E2BEA000CDD266" = {"fileRef" = "A808586118E2BEA000CDD266"; "isa" = "PBXBuildFile"; };
"C01FCF4F08A954540054247B" = {"name" = "Debug"; "isa" = "XCBuildConfiguration"; "buildSettings" = {"SDKROOT" = "iphoneos"; "TARGETED_DEVICE_FAMILY" = "1,2"; "PREBINDING" = "NO"; "OTHER_LDFLAGS" = (
    "-ObjC",
    "-all_load",
);
"IPHONEOS_DEPLOYMENT_TARGET" = "4.3"; "GCC_ENABLE_OBJC_GC" = "supported"; "CODE_SIGN_IDENTITY[sdk=iphoneos*]" = "iPhone Developer"; "GCC_C_LANGUAGE_STANDARD" = "c99"; "GCC_WARN_UNUSED_VARIABLE" = "YES"; "GCC_WARN_ABOUT_RETURN_TYPE" = "YES"; "ARCHS" = "$(ARCHS_STANDARD_32_BIT)"; };
};
"A80858B718E2BEA000CDD266" = {"fileRef" = "A808586518E2BEA000CDD266"; "isa" = "PBXBuildFile"; };
"A808585118E2BEA000CDD266" = {"name" = "h8.png"; "lastKnownFileType" = "image.png"; "path" = "images/h8.png"; "isa" = "PBXFileReference"; "sourceTree" = "<group>"; };
"A808587418E2BEA000CDD266" = {"name" = "mov_midbar.png"; "lastKnownFileType" = "image.png"; "path" = "images/mov_midbar.png"; "isa" = "PBXFileReference"; "sourceTree" = "<group>"; };
"A808583218E2BEA000CDD266" = {"name" = "awright_b2.png"; "lastKnownFileType" = "image.png"; "path" = "images/awright_b2.png"; "isa" = "PBXFileReference"; "sourceTree" = "<group>"; };
"A808589718E2BEA000CDD266" = {"fileRef" = "A808584518E2BEA000CDD266"; "isa" = "PBXBuildFile"; };
"A808585518E2BEA000CDD266" = {"name" = "h12.png"; "lastKnownFileType" = "image.png"; "path" = "images/h12.png"; "isa" = "PBXFileReference"; "sourceTree" = "<group>"; };
"1231E9F512A89439008DBBE8" = {"fileRef" = "1231E9F312A89439008DBBE8"; "isa" = "PBXBuildFile"; };
"A808587818E2BEA000CDD266" = {"name" = "social_facebook.png"; "lastKnownFileType" = "image.png"; "path" = "images/social_facebook.png"; "isa" = "PBXFileReference"; "sourceTree" = "<group>"; };
"b1a49fa8da734281a22013f9bc4483ae" = {"name" = "db.xml"; "lastKnownFileType" = "text.xml"; "path" = "../assets/db.xml"; "isa" = "PBXFileReference"; "sourceTree" = "<group>"; };
"362873991581999D0097EF19" = {"fileRef" = "362873981581999D0097EF19"; "isa" = "PBXBuildFile"; };
"29B97313FDCFA39411CA2CEA" = {"knownRegions" = (
    "English",
    "Japanese",
    "French",
    "German",
);
"developmentRegion" = "English"; "compatibilityVersion" = "Xcode 3.2"; "attributes" = {"LastUpgradeCheck" = "0510"; };
"hasScannedForEncodings" = "1"; "targets" = (
    "1D6058900D05DD3D006BFB54",
    "36E2EC89172524D800A6796D",
);
"isa" = "PBXProject"; "projectRoot" = ""; "buildConfigurationList" = "C01FCF4E08A954540054247B"; "projectDirPath" = ""; "mainGroup" = "29B97314FDCFA39411CA2CEA"; };
"A80858CB18E2BEA000CDD266" = {"fileRef" = "A808587918E2BEA000CDD266"; "isa" = "PBXBuildFile"; };
"12B5E2B4123E321B002ACF5D" = {"fileRef" = "12B5E2B3123E321B002ACF5D"; "isa" = "PBXBuildFile"; };
"A80858AC18E2BEA000CDD266" = {"fileRef" = "A808585A18E2BEA000CDD266"; "isa" = "PBXBuildFile"; };
"A80858CF18E2BEA000CDD266" = {"fileRef" = "A808587D18E2BEA000CDD266"; "isa" = "PBXBuildFile"; };
"36E2EC88172524D800A6796D" = {"runOnlyForDeploymentPostprocessing" = "0"; "dstPath" = "include/${PRODUCT_NAME}"; "buildActionMask" = "2147483647"; "files" = (
    "36E2ECAA1726BD4800A6796D",
    "36E2EC961725254700A6796D",
);
"isa" = "PBXCopyFilesBuildPhase"; "dstSubfolderSpec" = "16"; };
"A808588C18E2BEA000CDD266" = {"fileRef" = "A808583A18E2BEA000CDD266"; "isa" = "PBXBuildFile"; };
"A808584A18E2BEA000CDD266" = {"name" = "h1.png"; "lastKnownFileType" = "image.png"; "path" = "images/h1.png"; "isa" = "PBXFileReference"; "sourceTree" = "<group>"; };
"A808586D18E2BEA000CDD266" = {"name" = "menu3.png"; "lastKnownFileType" = "image.png"; "path" = "images/menu3.png"; "isa" = "PBXFileReference"; "sourceTree" = "<group>"; };
"1DF5F4DF0D08C38300B7A737" = {"name" = "UIKit.framework"; "lastKnownFileType" = "wrapper.framework"; "path" = "System/Library/Frameworks/UIKit.framework"; "isa" = "PBXFileReference"; "sourceTree" = "SDKROOT"; };
"363092A5171E44E600B60469" = {"fileRef" = "363092A4171E44E600B60469"; "isa" = "PBXBuildFile"; };
"A80858A018E2BEA000CDD266" = {"fileRef" = "A808584E18E2BEA000CDD266"; "isa" = "PBXBuildFile"; };
"1D6058910D05DD3D006BFB54" = {"includeInIndex" = "0"; "explicitFileType" = "wrapper.application"; "path" = "DartGuide.app"; "isa" = "PBXFileReference"; "sourceTree" = "BUILT_PRODUCTS_DIR"; };
"1278866612F6937A004ED9D7" = {"lastKnownFileType" = "sourcecode.c.h"; "fileEncoding" = "4"; "path" = "TBXML.h"; "isa" = "PBXFileReference"; "sourceTree" = "<group>"; };
"A80858C318E2BEA000CDD266" = {"fileRef" = "A808587118E2BEA000CDD266"; "isa" = "PBXBuildFile"; };
"A80858A418E2BEA000CDD266" = {"fileRef" = "A808585218E2BEA000CDD266"; "isa" = "PBXBuildFile"; };
"A80858C718E2BEA000CDD266" = {"fileRef" = "A808587518E2BEA000CDD266"; "isa" = "PBXBuildFile"; };
"3628739C15819C9C0097EF19" = {"fileRef" = "3628739B158199D50097EF19"; "isa" = "PBXBuildFile"; };
"A808588018E2BEA000CDD266" = {"name" = "topbar_logo_a.png"; "lastKnownFileType" = "image.png"; "path" = "images/topbar_logo_a.png"; "isa" = "PBXFileReference"; "sourceTree" = "<group>"; };
"3621629F17182C2B0038E61A" = {"fileRef" = "3621629E17182C2B0038E61A"; "isa" = "PBXBuildFile"; };
"A865983818E532B300B2374F" = {"name" = "Default.png"; "lastKnownFileType" = "image.png"; "path" = "images/Default.png"; "isa" = "PBXFileReference"; "sourceTree" = "<group>"; };
"A808586118E2BEA000CDD266" = {"name" = "ko_info.png"; "lastKnownFileType" = "image.png"; "path" = "images/ko_info.png"; "isa" = "PBXFileReference"; "sourceTree" = "<group>"; };
"A808588418E2BEA000CDD266" = {"fileRef" = "A808583218E2BEA000CDD266"; "isa" = "PBXBuildFile"; };
"12B5E2C0123E321B002ACF5D" = {"fileRef" = "12B5E2BF123E321B002ACF5D"; "isa" = "PBXBuildFile"; };
"125B375512BA153B00DFE445" = {"name" = "MapKit.framework"; "lastKnownFileType" = "wrapper.framework"; "path" = "System/Library/Frameworks/MapKit.framework"; "isa" = "PBXFileReference"; "sourceTree" = "SDKROOT"; };
"de95a4f90147445ca4ee5b729101b893" = {"name" = "content"; "lastKnownFileType" = "folder"; "path" = "../assets/content"; "isa" = "PBXFileReference"; "sourceTree" = "<group>"; };
"A80858BC18E2BEA000CDD266" = {"fileRef" = "A808586A18E2BEA000CDD266"; "isa" = "PBXBuildFile"; };
"A808583618E2BEA000CDD266" = {"name" = "bgwhite.png"; "lastKnownFileType" = "image.png"; "path" = "images/bgwhite.png"; "isa" = "PBXFileReference"; "sourceTree" = "<group>"; };
"A808585918E2BEA000CDD266" = {"name" = "h16.png"; "lastKnownFileType" = "image.png"; "path" = "images/h16.png"; "isa" = "PBXFileReference"; "sourceTree" = "<group>"; };
"36E2EC94172524D800A6796D" = {"name" = "Debug"; "isa" = "XCBuildConfiguration"; "buildSettings" = {"CLANG_WARN_INT_CONVERSION" = "YES"; "CONFIGURATION_BUILD_DIR" = "$(CONFIGURATION)$(EFFECTIVE_PLATFORM_NAME)"; "PRODUCT_NAME" = "$(TARGET_NAME)"; "ONLY_ACTIVE_ARCH" = "YES"; "CONFIGURATION_TEMP_DIR" = "$(CONFIGURATION)$(EFFECTIVE_PLATFORM_NAME)"; "CLANG_CXX_LANGUAGE_STANDARD" = "gnu++0x"; "ALWAYS_SEARCH_USER_PATHS" = "NO"; "OTHER_LDFLAGS" = "-ObjC"; "LIBRARY_SEARCH_PATHS" = (
    "$(inherited)",
    "\"$(SRCROOT)\"",
    "\"$(SRCROOT)/../../../../../PROTO_6.0/build_core/Debug-iphonesimulator\"",
);
"GCC_LINK_WITH_DYNAMIC_LIBRARIES" = "NO"; "CLANG_WARN_ENUM_CONVERSION" = "YES"; "SKIP_INSTALL" = "YES"; "DSTROOT" = "/tmp/ANEMAIN.dst"; "GCC_DYNAMIC_NO_PIC" = "NO"; "GCC_WARN_UNINITIALIZED_AUTOS" = "YES"; "GCC_C_LANGUAGE_STANDARD" = "gnu99"; "VALID_ARCHS" = "armv7"; "GCC_SYMBOLS_PRIVATE_EXTERN" = "NO"; "GCC_PREPROCESSOR_DEFINITIONS" = (
    "DEBUG=1",
    "$(inherited)",
);
"GCC_PREFIX_HEADER" = ""; "GCC_OPTIMIZATION_LEVEL" = "0"; "CLANG_WARN_EMPTY_BODY" = "YES"; "IPHONEOS_DEPLOYMENT_TARGET" = "6.1"; "CLANG_WARN__DUPLICATE_METHOD_MATCH" = "YES"; "CLANG_CXX_LIBRARY" = "libc++"; "GCC_PRECOMPILE_PREFIX_HEADER" = "YES"; "CLANG_WARN_CONSTANT_CONVERSION" = "YES"; "COPY_PHASE_STRIP" = "NO"; "SYMROOT" = "anebuild"; };
};
"29B97317FDCFA39411CA2CEA" = {"name" = "Resources"; "children" = (
    "28AD733E0D9D9553002E5188",
    "8D1107310486CEB800E47090",
);
"isa" = "PBXGroup"; "sourceTree" = "<group>"; };
"12B5E2B8123E321B002ACF5D" = {"fileRef" = "12B5E2B7123E321B002ACF5D"; "isa" = "PBXBuildFile"; };
"A808589C18E2BEA000CDD266" = {"fileRef" = "A808584A18E2BEA000CDD266"; "isa" = "PBXBuildFile"; };
"2cf4384f27684e41b38101d067b12293" = {"name" = "views"; "lastKnownFileType" = "folder"; "path" = "../assets/views"; "isa" = "PBXFileReference"; "sourceTree" = "<group>"; };
"A80858B018E2BEA000CDD266" = {"fileRef" = "A808585E18E2BEA000CDD266"; "isa" = "PBXBuildFile"; };
"A80858D318E2BEA000CDD266" = {"fileRef" = "A808588118E2BEA000CDD266"; "isa" = "PBXBuildFile"; };
"A808584E18E2BEA000CDD266" = {"name" = "h5.png"; "lastKnownFileType" = "image.png"; "path" = "images/h5.png"; "isa" = "PBXFileReference"; "sourceTree" = "<group>"; };
"A808589018E2BEA000CDD266" = {"fileRef" = "A808583E18E2BEA000CDD266"; "isa" = "PBXBuildFile"; };
"A80858A818E2BEA000CDD266" = {"fileRef" = "A808585618E2BEA000CDD266"; "isa" = "PBXBuildFile"; };
"42703f32a4704a07ad3901765b6b1b83" = {"name" = "images"; "children" = (
    "A865983818E532B300B2374F",
    "A865983918E532B300B2374F",
    "A865983A18E532B300B2374F",
    "A808583218E2BEA000CDD266",
    "A808583318E2BEA000CDD266",
    "A808583418E2BEA000CDD266",
    "A808583518E2BEA000CDD266",
    "A808583618E2BEA000CDD266",
    "A808583718E2BEA000CDD266",
    "A808583818E2BEA000CDD266",
    "A808583918E2BEA000CDD266",
    "A808583A18E2BEA000CDD266",
    "A808583B18E2BEA000CDD266",
    "A808583C18E2BEA000CDD266",
    "A808583D18E2BEA000CDD266",
    "A808583E18E2BEA000CDD266",
    "A808583F18E2BEA000CDD266",
    "A808584018E2BEA000CDD266",
    "A808584118E2BEA000CDD266",
    "A808584218E2BEA000CDD266",
    "A808584318E2BEA000CDD266",
    "A808584418E2BEA000CDD266",
    "A808584518E2BEA000CDD266",
    "A808584618E2BEA000CDD266",
    "A808584718E2BEA000CDD266",
    "A808584818E2BEA000CDD266",
    "A808584918E2BEA000CDD266",
    "A808584A18E2BEA000CDD266",
    "A808584B18E2BEA000CDD266",
    "A808584C18E2BEA000CDD266",
    "A808584D18E2BEA000CDD266",
    "A808584E18E2BEA000CDD266",
    "A808584F18E2BEA000CDD266",
    "A808585018E2BEA000CDD266",
    "A808585118E2BEA000CDD266",
    "A808585218E2BEA000CDD266",
    "A808585318E2BEA000CDD266",
    "A808585418E2BEA000CDD266",
    "A808585518E2BEA000CDD266",
    "A808585618E2BEA000CDD266",
    "A808585718E2BEA000CDD266",
    "A808585818E2BEA000CDD266",
    "A808585918E2BEA000CDD266",
    "A808585A18E2BEA000CDD266",
    "A808585B18E2BEA000CDD266",
    "A808585C18E2BEA000CDD266",
    "A808585D18E2BEA000CDD266",
    "A808585E18E2BEA000CDD266",
    "A808585F18E2BEA000CDD266",
    "A808586018E2BEA000CDD266",
    "A808586118E2BEA000CDD266",
    "A808586218E2BEA000CDD266",
    "A808586318E2BEA000CDD266",
    "A808586418E2BEA000CDD266",
    "A808586518E2BEA000CDD266",
    "A808586618E2BEA000CDD266",
    "A808586718E2BEA000CDD266",
    "A808586818E2BEA000CDD266",
    "A808586918E2BEA000CDD266",
    "A808586A18E2BEA000CDD266",
    "A808586B18E2BEA000CDD266",
    "A808586C18E2BEA000CDD266",
    "A808586D18E2BEA000CDD266",
    "A808586E18E2BEA000CDD266",
    "A808586F18E2BEA000CDD266",
    "A808587018E2BEA000CDD266",
    "A808587118E2BEA000CDD266",
    "A808587218E2BEA000CDD266",
    "A808587318E2BEA000CDD266",
    "A808587418E2BEA000CDD266",
    "A808587518E2BEA000CDD266",
    "A808587618E2BEA000CDD266",
    "A808587718E2BEA000CDD266",
    "A808587818E2BEA000CDD266",
    "A808587918E2BEA000CDD266",
    "A808587A18E2BEA000CDD266",
    "A808587B18E2BEA000CDD266",
    "A808587C18E2BEA000CDD266",
    "A808587D18E2BEA000CDD266",
    "A808587E18E2BEA000CDD266",
    "A808587F18E2BEA000CDD266",
    "A808588018E2BEA000CDD266",
    "A808588118E2BEA000CDD266",
    "A808588218E2BEA000CDD266",
    "A808588318E2BEA000CDD266",
);
"isa" = "PBXGroup"; "sourceTree" = "<group>"; };
"8D1107310486CEB800E47090" = {"plistStructureDefinitionIdentifier" = "com.apple.xcode.plist.structure-definition.iphone.info-plist"; "fileEncoding" = "4"; "explicitFileType" = "text.plist.xml"; "path" = "DartGuide-Info.plist"; "isa" = "PBXFileReference"; "sourceTree" = "<group>"; };
"1D60589B0D05DD56006BFB54" = {"fileRef" = "29B97316FDCFA39411CA2CEA"; "isa" = "PBXBuildFile"; };
"A808584218E2BEA000CDD266" = {"name" = "btn_check.png"; "lastKnownFileType" = "image.png"; "path" = "images/btn_check.png"; "isa" = "PBXFileReference"; "sourceTree" = "<group>"; };
"A808586518E2BEA000CDD266" = {"name" = "main_flickdot_off.png"; "lastKnownFileType" = "image.png"; "path" = "images/main_flickdot_off.png"; "isa" = "PBXFileReference"; "sourceTree" = "<group>"; };
"1D6058940D05DD3E006BFB54" = {"name" = "Debug"; "isa" = "XCBuildConfiguration"; "buildSettings" = {"SDKROOT" = "iphoneos"; "PROVISIONING_PROFILE[sdk=iphoneos*]" = "56FA4FAC-FB60-4398-B185-9506B526697E"; "COPY_PHASE_STRIP" = "NO"; "GCC_DYNAMIC_NO_PIC" = "NO"; "ALWAYS_SEARCH_USER_PATHS" = "NO"; "GCC_PRECOMPILE_PREFIX_HEADER" = "YES"; "GCC_ENABLE_OBJC_GC" = "unsupported"; "CODE_SIGN_IDENTITY[sdk=iphoneos*]" = "iPhone Developer: Chulseung Lim (PPD6H6MM3H)"; "LIBRARY_SEARCH_PATHS" = (
    "$(inherited)",
    "\"$(SRCROOT)\"",
    "\"$(SRCROOT)/../PROTO_5.0/build_core/Debug-iphonesimulator\"",
    "\"$(SRCROOT)/build_core/Debug-iphoneos\"",
    "\"$(SRCROOT)/build_core/Debug-iphonesimulator\"",
    "\"$(SRCROOT)/../../../../../PROTO_6.0/build_core/Debug-iphonesimulator\"",
);
"INFOPLIST_FILE" = "DartGuide-Info.plist"; "VALID_ARCHS" = "armv7"; "PRODUCT_NAME" = "DartGuide"; "ARCHS" = "$(ARCHS_STANDARD_32_BIT)"; "GCC_OPTIMIZATION_LEVEL" = "0"; "GCC_PREFIX_HEADER" = "DartGuide_Prefix.pch"; };
};
"A808588818E2BEA000CDD266" = {"fileRef" = "A808583618E2BEA000CDD266"; "isa" = "PBXBuildFile"; };
"A808584618E2BEA000CDD266" = {"name" = "btn_vote.png"; "lastKnownFileType" = "image.png"; "path" = "images/btn_vote.png"; "isa" = "PBXFileReference"; "sourceTree" = "<group>"; };
"A808586918E2BEA000CDD266" = {"name" = "main_option.png"; "lastKnownFileType" = "image.png"; "path" = "images/main_option.png"; "isa" = "PBXFileReference"; "sourceTree" = "<group>"; };
"29B97323FDCFA39411CA2CEA" = {"name" = "Frameworks"; "children" = (
    "3649E975173BB17B00B8F479",
    "3649E972173BB16800B8F479",
    "3621629E17182C2B0038E61A",
    "3621629C17182C230038E61A",
    "125B375512BA153B00DFE445",
    "362873981581999D0097EF19",
    "1231F6C412A8CCB4008DBBE8",
    "1231E9F212A89439008DBBE8",
    "1231E9F312A89439008DBBE8",
    "1DF5F4DF0D08C38300B7A737",
    "1D30AB110D05D00D00671497",
    "288765FC0DF74451002DB57D",
    "12B5E2B3123E321B002ACF5D",
    "12B5E2B5123E321B002ACF5D",
    "12B5E2B7123E321B002ACF5D",
    "12B5E2B9123E321B002ACF5D",
    "12B5E2BB123E321B002ACF5D",
    "12B5E2BD123E321B002ACF5D",
    "12B5E2BF123E321B002ACF5D",
    "12B5E2C3123E323F002ACF5D",
    "1231F6D812A8CD83008DBBE8",
    "12856D16123F002A00B77A35",
);
"isa" = "PBXGroup"; "sourceTree" = "<group>"; };
"1D60588E0D05DD3D006BFB54" = {"runOnlyForDeploymentPostprocessing" = "0"; "buildActionMask" = "2147483647"; "files" = (
    "3628739C15819C9C0097EF19",
    "1D60589B0D05DD56006BFB54",
    "363092A5171E44E600B60469",
);
"isa" = "PBXSourcesBuildPhase"; };
"A808585A18E2BEA000CDD266" = {"name" = "h17.png"; "lastKnownFileType" = "image.png"; "path" = "images/h17.png"; "isa" = "PBXFileReference"; "sourceTree" = "<group>"; };
"A808587D18E2BEA000CDD266" = {"name" = "social_mypeople.png"; "lastKnownFileType" = "image.png"; "path" = "images/social_mypeople.png"; "isa" = "PBXFileReference"; "sourceTree" = "<group>"; };
"A808583B18E2BEA000CDD266" = {"name" = "bt_ct_on.png"; "lastKnownFileType" = "image.png"; "path" = "images/bt_ct_on.png"; "isa" = "PBXFileReference"; "sourceTree" = "<group>"; };
"A808585E18E2BEA000CDD266" = {"name" = "h21.png"; "lastKnownFileType" = "image.png"; "path" = "images/h21.png"; "isa" = "PBXFileReference"; "sourceTree" = "<group>"; };
"1231F6D812A8CD83008DBBE8" = {"name" = "libz.1.1.3.dylib"; "lastKnownFileType" = "compiled.mach-o.dylib"; "path" = "usr/lib/libz.1.1.3.dylib"; "isa" = "PBXFileReference"; "sourceTree" = "SDKROOT"; };
"5c0900af685d413e9099f606baf7a1fb" = {"fileRef" = "219535c57cde461cb9eebcdcde014c41"; "isa" = "PBXBuildFile"; };
"12B5E2BD123E321B002ACF5D" = {"name" = "Security.framework"; "lastKnownFileType" = "wrapper.framework"; "path" = "System/Library/Frameworks/Security.framework"; "isa" = "PBXFileReference"; "sourceTree" = "SDKROOT"; };
"A80858B418E2BEA000CDD266" = {"fileRef" = "A808586218E2BEA000CDD266"; "isa" = "PBXBuildFile"; };
"a63c879163724bc48d11c5ba14962d31" = {"fileRef" = "120ddf62bb1b45fbbab9f91426deebfb"; "isa" = "PBXBuildFile"; };
"A80858B818E2BEA000CDD266" = {"fileRef" = "A808586618E2BEA000CDD266"; "isa" = "PBXBuildFile"; };
"A808587118E2BEA000CDD266" = {"name" = "menu7.png"; "lastKnownFileType" = "image.png"; "path" = "images/menu7.png"; "isa" = "PBXFileReference"; "sourceTree" = "<group>"; };
"A808589418E2BEA000CDD266" = {"fileRef" = "A808584218E2BEA000CDD266"; "isa" = "PBXBuildFile"; };
"1231E9F212A89439008DBBE8" = {"name" = "MobileCoreServices.framework"; "lastKnownFileType" = "wrapper.framework"; "path" = "System/Library/Frameworks/MobileCoreServices.framework"; "isa" = "PBXFileReference"; "sourceTree" = "SDKROOT"; };
"A808585218E2BEA000CDD266" = {"name" = "h9.png"; "lastKnownFileType" = "image.png"; "path" = "images/h9.png"; "isa" = "PBXFileReference"; "sourceTree" = "<group>"; };
"A808587518E2BEA000CDD266" = {"name" = "playbtn.png"; "lastKnownFileType" = "image.png"; "path" = "images/playbtn.png"; "isa" = "PBXFileReference"; "sourceTree" = "<group>"; };
"A808589818E2BEA000CDD266" = {"fileRef" = "A808584618E2BEA000CDD266"; "isa" = "PBXBuildFile"; };
"A80858CC18E2BEA000CDD266" = {"fileRef" = "A808587A18E2BEA000CDD266"; "isa" = "PBXBuildFile"; };
"28AD733E0D9D9553002E5188" = {"lastKnownFileType" = "file.xib"; "path" = "MainWindow.xib"; "isa" = "PBXFileReference"; "sourceTree" = "<group>"; };
"A80858AD18E2BEA000CDD266" = {"fileRef" = "A808585B18E2BEA000CDD266"; "isa" = "PBXBuildFile"; };
"A865983D18E532B300B2374F" = {"fileRef" = "A865983A18E532B300B2374F"; "isa" = "PBXBuildFile"; };
"080E96DDFE201D6D7F000001" = {"children" = (
    "36E2EC69171F9D5000A6796D",
    "363092A3171E44E600B60469",
    "363092A4171E44E600B60469",
    "3628739A158199D50097EF19",
    "3628739B158199D50097EF19",
    "36E2ED241729236300A6796D",
    "1278866612F6937A004ED9D7",
    "1278866112F69362004ED9D7",
    "7d616f152e1f4eca8dc0c4d0bfeeaee3",
);
"path" = "Classes"; "isa" = "PBXGroup"; "sourceTree" = "<group>"; };
"36E2EC89172524D800A6796D" = {"name" = "ANEMAIN"; "productType" = "com.apple.product-type.library.static"; "productReference" = "36E2EC8A172524D800A6796D"; "isa" = "PBXNativeTarget"; "dependencies" = (
);
"buildConfigurationList" = "36E2EC93172524D800A6796D"; "productName" = "ANEMAIN"; "buildPhases" = (
    "36E2EC86172524D800A6796D",
    "36E2EC87172524D800A6796D",
    "36E2EC88172524D800A6796D",
);
"buildRules" = (
);
};
"A808586A18E2BEA000CDD266" = {"name" = "main_refresh.png"; "lastKnownFileType" = "image.png"; "path" = "images/main_refresh.png"; "isa" = "PBXFileReference"; "sourceTree" = "<group>"; };
"A808588D18E2BEA000CDD266" = {"fileRef" = "A808583B18E2BEA000CDD266"; "isa" = "PBXBuildFile"; };
"A80858C018E2BEA000CDD266" = {"fileRef" = "A808586E18E2BEA000CDD266"; "isa" = "PBXBuildFile"; };
"A80858A118E2BEA000CDD266" = {"fileRef" = "A808584F18E2BEA000CDD266"; "isa" = "PBXBuildFile"; };
"A80858C418E2BEA000CDD266" = {"fileRef" = "A808587218E2BEA000CDD266"; "isa" = "PBXBuildFile"; };
"e78df275a90141c08cb645a970b2cf60" = {"fileRef" = "6ecbc985bde44572a8ecb50450287947"; "isa" = "PBXBuildFile"; };
"1231F6C412A8CCB4008DBBE8" = {"name" = "CFNetwork.framework"; "lastKnownFileType" = "wrapper.framework"; "path" = "System/Library/Frameworks/CFNetwork.framework"; "isa" = "PBXFileReference"; "sourceTree" = "SDKROOT"; };
"A808583F18E2BEA000CDD266" = {"name" = "bt_op_on.png"; "lastKnownFileType" = "image.png"; "path" = "images/bt_op_on.png"; "isa" = "PBXFileReference"; "sourceTree" = "<group>"; };
"A808588118E2BEA000CDD266" = {"name" = "topbar_logo.png"; "lastKnownFileType" = "image.png"; "path" = "images/topbar_logo.png"; "isa" = "PBXFileReference"; "sourceTree" = "<group>"; };
};
"rootObject" = "29B97313FDCFA39411CA2CEA"; "objectVersion" = "46"; "archiveVersion" = "1"; 
}